
Microsoft Visual Studio Solution File, Format Version 12.00
# Visual Studio 15
VisualStudioVersion = 15.0.27703.2026
MinimumVisualStudioVersion = 10.0.40219.1
Project("{FAE04EC0-301F-11D3-BF4B-00C04F79EFBC}") = "ForceAllUtf8", "ForceAllUtf8\ForceAllUtf8.csproj", "{0AC4301D-A4D0-45F9-BAF5-BCFD87F493DE}"
EndProject
Global
	GlobalSection(SolutionConfigurationPlatforms) = preSolution
		Debug|Any CPU = Debug|Any CPU
		Release|Any CPU = Release|Any CPU
	EndGlobalSection
	GlobalSection(ProjectConfigurationPlatforms) = postSolution
		{0AC4301D-A4D0-45F9-BAF5-BCFD87F493DE}.Debug|Any CPU.ActiveCfg = Debug|Any CPU
		{0AC4301D-A4D0-45F9-BAF5-BCFD87F493DE}.Debug|Any CPU.Build.0 = Debug|Any CPU
		{0AC4301D-A4D0-45F9-BAF5-BCFD87F493DE}.Release|Any CPU.ActiveCfg = Release|Any CPU
		{0AC4301D-A4D0-45F9-BAF5-BCFD87F493DE}.Release|Any CPU.Build.0 = Release|Any CPU
	EndGlobalSection
	GlobalSection(SolutionProperties) = preSolution
		HideSolutionNode = FALSE
	EndGlobalSection
	GlobalSection(ExtensibilityGlobals) = postSolution
		SolutionGuid = {58FB5BA4-1885-46C3-AF02-551530AA953B}
	EndGlobalSection
EndGlobal
